
Microsoft Visual Studio Solution File, Format Version 12.00
# Visual Studio Version 16
VisualStudioVersion = 16.0.31729.503
MinimumVisualStudioVersion = 10.0.40219.1
Project("{FAE04EC0-301F-11D3-BF4B-00C04F79EFBC}") = "TestApplication", "TestApplication.csproj", "{8E45A8D8-DC27-40D8-BFA9-E5E9570AC8A7}"
EndProject
Global
	GlobalSection(SolutionConfigurationPlatforms) = preSolution
		Debug|Any CPU = Debug|Any CPU
		Release|Any CPU = Release|Any CPU
	EndGlobalSection
	GlobalSection(ProjectConfigurationPlatforms) = postSolution
		{8E45A8D8-DC27-40D8-BFA9-E5E9570AC8A7}.Debug|Any CPU.ActiveCfg = Debug|Any CPU
		{8E45A8D8-DC27-40D8-BFA9-E5E9570AC8A7}.Debug|Any CPU.Build.0 = Debug|Any CPU
		{8E45A8D8-DC27-40D8-BFA9-E5E9570AC8A7}.Release|Any CPU.ActiveCfg = Release|Any CPU
		{8E45A8D8-DC27-40D8-BFA9-E5E9570AC8A7}.Release|Any CPU.Build.0 = Release|Any CPU
	EndGlobalSection
	GlobalSection(SolutionProperties) = preSolution
		HideSolutionNode = FALSE
	EndGlobalSection
	GlobalSection(ExtensibilityGlobals) = postSolution
		SolutionGuid = {666ECB61-6C1C-4648-9A1B-6FCD134B4000}
	EndGlobalSection
EndGlobal
